
Microsoft Visual Studio Solution File, Format Version 12.00
# Visual Studio Version 17
VisualStudioVersion = 17.4.33213.308
MinimumVisualStudioVersion = 10.0.40219.1
Project("{FAE04EC0-301F-11D3-BF4B-00C04F79EFBC}") = "Web411030680", "Web411030680\Web411030680.csproj", "{1BC47E0B-1D56-4187-B8F4-361B48420CDA}"
EndProject
Global
	GlobalSection(SolutionConfigurationPlatforms) = preSolution
		Debug|Any CPU = Debug|Any CPU
		Release|Any CPU = Release|Any CPU
	EndGlobalSection
	GlobalSection(ProjectConfigurationPlatforms) = postSolution
		{1BC47E0B-1D56-4187-B8F4-361B48420CDA}.Debug|Any CPU.ActiveCfg = Debug|Any CPU
		{1BC47E0B-1D56-4187-B8F4-361B48420CDA}.Debug|Any CPU.Build.0 = Debug|Any CPU
		{1BC47E0B-1D56-4187-B8F4-361B48420CDA}.Release|Any CPU.ActiveCfg = Release|Any CPU
		{1BC47E0B-1D56-4187-B8F4-361B48420CDA}.Release|Any CPU.Build.0 = Release|Any CPU
	EndGlobalSection
	GlobalSection(SolutionProperties) = preSolution
		HideSolutionNode = FALSE
	EndGlobalSection
	GlobalSection(ExtensibilityGlobals) = postSolution
		SolutionGuid = {7E3663E1-D00B-43DA-9E67-3B29E8F014E5}
	EndGlobalSection
EndGlobal
